github.com/andygeiss/assert v0.0.6 h1:FyiAIudVwnxp55GIcNOaZ2ABr8n2RI9SXmaXG7+Y53o=
github.com/andygeiss/assert v0.0.6/go.mod h1:ztUvWrfUo43X0zMA1XfX8esn5Uavk6ANSKTT0w2qvAI=
github.com/andygeiss/diego v0.0.5 h1:502I0n70ru8+lK148fapZlrkrgkk8ZWg4+crtKm+m1A=
github.com/andygeiss/diego v0.0.5/go.mod h1:Phg+X6ma8otTDX6OY17DT/a9vmGkh6XDgqgEcPQe0C0=
